// !$*UTF8*$!
{
	archiveVersion = 1;
	classes = {
	};
	objectVersion = 55;
	objects = {

/* Begin PBXBuildFile section */
		846BA2F127846CD90076746A /* AppDelegate.swift in Sources */ = {isa = PBXBuildFile; fileRef = 846BA2F027846CD90076746A /* AppDelegate.swift */; };
		846BA2F327846CD90076746A /* SceneDelegate.swift in Sources */ = {isa = PBXBuildFile; fileRef = 846BA2F227846CD90076746A /* SceneDelegate.swift */; };
		846BA2F527846CD90076746A /* ViewController.swift in Sources */ = {isa = PBXBuildFile; fileRef = 846BA2F427846CD90076746A /* ViewController.swift */; };
		846BA2F827846CD90076746A /* Main.storyboard in Resources */ = {isa = PBXBuildFile; fileRef = 846BA2F627846CD90076746A /* Main.storyboard */; };
		846BA2FA27846CE00076746A /* Assets.xcassets in Resources */ = {isa = PBXBuildFile; fileRef = 846BA2F927846CE00076746A /* Assets.xcassets */; };
		846BA2FD27846CE00076746A /* LaunchScreen.storyboard in Resources */ = {isa = PBXBuildFile; fileRef = 846BA2FB27846CE00076746A /* LaunchScreen.storyboard */; };
		848F02A027857553008F20B0 /* HomeContainerViewController.swift in Sources */ = {isa = PBXBuildFile; fileRef = 848F029F27857553008F20B0 /* HomeContainerViewController.swift */; };
		848F02A427857B27008F20B0 /* HomeViewCell.swift in Sources */ = {isa = PBXBuildFile; fileRef = 848F02A227857B27008F20B0 /* HomeViewCell.swift */; };
		848F02A527857B27008F20B0 /* HomeViewCell.xib in Resources */ = {isa = PBXBuildFile; fileRef = 848F02A327857B27008F20B0 /* HomeViewCell.xib */; };
/* End PBXBuildFile section */

/* Begin PBXFileReference section */
		846BA2ED27846CD90076746A /* Day2-Tab-bar.app */ = {isa = PBXFileReference; explicitFileType = wrapper.application; includeInIndex = 0; path = "Day2-Tab-bar.app"; sourceTree = BUILT_PRODUCTS_DIR; };
		846BA2F027846CD90076746A /* AppDelegate.swift */ = {isa = PBXFileReference; lastKnownFileType = sourcecode.swift; path = AppDelegate.swift; sourceTree = "<group>"; };
		846BA2F227846CD90076746A /* SceneDelegate.swift */ = {isa = PBXFileReference; lastKnownFileType = sourcecode.swift; path = SceneDelegate.swift; sourceTree = "<group>"; };
		846BA2F427846CD90076746A /* ViewController.swift */ = {isa = PBXFileReference; lastKnownFileType = sourcecode.swift; path = ViewController.swift; sourceTree = "<group>"; };
		846BA2F727846CD90076746A /* Base */ = {isa = PBXFileReference; lastKnownFileType = file.storyboard; name = Base; path = Base.lproj/Main.storyboard; sourceTree = "<group>"; };
		846BA2F927846CE00076746A /* Assets.xcassets */ = {isa = PBXFileReference; lastKnownFileType = folder.assetcatalog; path = Assets.xcassets; sourceTree = "<group>"; };
		846BA2FC27846CE00076746A /* Base */ = {isa = PBXFileReference; lastKnownFileType = file.storyboard; name = Base; path = Base.lproj/LaunchScreen.storyboard; sourceTree = "<group>"; };
		846BA2FE27846CE00076746A /* Info.plist */ = {isa = PBXFileReference; lastKnownFileType = text.plist.xml; path = Info.plist; sourceTree = "<group>"; };
		848F029F27857553008F20B0 /* HomeContainerViewController.swift */ = {isa = PBXFileReference; lastKnownFileType = sourcecode.swift; path = HomeContainerViewController.swift; sourceTree = "<group>"; };
		848F02A227857B27008F20B0 /* HomeViewCell.swift */ = {isa = PBXFileReference; lastKnownFileType = sourcecode.swift; path = HomeViewCell.swift; sourceTree = "<group>"; };
		848F02A327857B27008F20B0 /* HomeViewCell.xib */ = {isa = PBXFileReference; lastKnownFileType = file.xib; path = HomeViewCell.xib; sourceTree = "<group>"; };
/* End PBXFileReference section */

/* Begin PBXFrameworksBuildPhase section */
		846BA2EA27846CD90076746A /* Frameworks */ = {
			isa = PBXFrameworksBuildPhase;
			buildActionMask = 2147483647;
			files = (
			);
			runOnlyForDeploymentPostprocessing = 0;
		};
/* End PBXFrameworksBuildPhase section */

/* Begin PBXGroup section */
		846BA2E427846CD90076746A = {
			isa = PBXGroup;
			children = (
				846BA2EF27846CD90076746A /* Day2-Tab-bar */,
				846BA2EE27846CD90076746A /* Products */,
			);
			sourceTree = "<group>";
		};
		846BA2EE27846CD90076746A /* Products */ = {
			isa = PBXGroup;
			children = (
				846BA2ED27846CD90076746A /* Day2-Tab-bar.app */,
			);
			name = Products;
			sourceTree = "<group>";
		};
		846BA2EF27846CD90076746A /* Day2-Tab-bar */ = {
			isa = PBXGroup;
			children = (
				848F029E27857509008F20B0 /* Container */,
				846BA2F027846CD90076746A /* AppDelegate.swift */,
				846BA2F227846CD90076746A /* SceneDelegate.swift */,
				846BA2F427846CD90076746A /* ViewController.swift */,
				846BA2F627846CD90076746A /* Main.storyboard */,
				846BA2F927846CE00076746A /* Assets.xcassets */,
				846BA2FB27846CE00076746A /* LaunchScreen.storyboard */,
				846BA2FE27846CE00076746A /* Info.plist */,
			);
			path = "Day2-Tab-bar";
			sourceTree = "<group>";
		};
		848F029E27857509008F20B0 /* Container */ = {
			isa = PBXGroup;
			children = (
				848F02A127857990008F20B0 /* Xib */,
				848F029F27857553008F20B0 /* HomeContainerViewController.swift */,
			);
			path = Container;
			sourceTree = "<group>";
		};
		848F02A127857990008F20B0 /* Xib */ = {
			isa = PBXGroup;
			children = (
				848F02A227857B27008F20B0 /* HomeViewCell.swift */,
				848F02A327857B27008F20B0 /* HomeViewCell.xib */,
			);
			path = Xib;
			sourceTree = "<group>";
		};
/* End PBXGroup section */

/* Begin PBXNativeTarget section */
		846BA2EC27846CD90076746A /* Day2-Tab-bar */ = {
			isa = PBXNativeTarget;
			buildConfigurationList = 846BA30127846CE00076746A /* Build configuration list for PBXNativeTarget "Day2-Tab-bar" */;
			buildPhases = (
				846BA2E927846CD90076746A /* Sources */,
				846BA2EA27846CD90076746A /* Frameworks */,
				846BA2EB27846CD90076746A /* Resources */,
			);
			buildRules = (
			);
			dependencies = (
			);
			name = "Day2-Tab-bar";
			productName = "Day2-Tab-bar";
			productReference = 846BA2ED27846CD90076746A /* Day2-Tab-bar.app */;
			productType = "com.apple.product-type.application";
		};
/* End PBXNativeTarget section */

/* Begin PBXProject section */
		846BA2E527846CD90076746A /* Project object */ = {
			isa = PBXProject;
			attributes = {
				BuildIndependentTargetsInParallel = 1;
				LastSwiftUpdateCheck = 1320;
				LastUpgradeCheck = 1320;
				TargetAttributes = {
					846BA2EC27846CD90076746A = {
						CreatedOnToolsVersion = 13.2.1;
					};
				};
			};
			buildConfigurationList = 846BA2E827846CD90076746A /* Build configuration list for PBXProject "Day2-Tab-bar" */;
			compatibilityVersion = "Xcode 13.0";
			developmentRegion = en;
			hasScannedForEncodings = 0;
			knownRegions = (
				en,
				Base,
			);
			mainGroup = 846BA2E427846CD90076746A;
			productRefGroup = 846BA2EE27846CD90076746A /* Products */;
			projectDirPath = "";
			projectRoot = "";
			targets = (
				846BA2EC27846CD90076746A /* Day2-Tab-bar */,
			);
		};
/* End PBXProject section */

/* Begin PBXResourcesBuildPhase section */
		846BA2EB27846CD90076746A /* Resources */ = {
			isa = PBXResourcesBuildPhase;
			buildActionMask = 2147483647;
			files = (
				846BA2FD27846CE00076746A /* LaunchScreen.storyboard in Resources */,
				848F02A527857B27008F20B0 /* HomeViewCell.xib in Resources */,
				846BA2FA27846CE00076746A /* Assets.xcassets in Resources */,
				846BA2F827846CD90076746A /* Main.storyboard in Resources */,
			);
			runOnlyForDeploymentPostprocessing = 0;
		};
/* End PBXResourcesBuildPhase section */

/* Begin PBXSourcesBuildPhase section */
		846BA2E927846CD90076746A /* Sources */ = {
			isa = PBXSourcesBuildPhase;
			buildActionMask = 2147483647;
			files = (
				846BA2F527846CD90076746A /* ViewController.swift in Sources */,
				848F02A027857553008F20B0 /* HomeContainerViewController.swift in Sources */,
				848F02A427857B27008F20B0 /* HomeViewCell.swift in Sources */,
				846BA2F127846CD90076746A /* AppDelegate.swift in Sources */,
				846BA2F327846CD90076746A /* SceneDelegate.swift in Sources */,
			);
			runOnlyForDeploymentPostprocessing = 0;
		};
/* End PBXSourcesBuildPhase section */

/* Begin PBXVariantGroup section */
		846BA2F627846CD90076746A /* Main.storyboard */ = {
			isa = PBXVariantGroup;
			children = (
				846BA2F727846CD90076746A /* Base */,
			);
			name = Main.storyboard;
			sourceTree = "<group>";
		};
		846BA2FB27846CE00076746A /* LaunchScreen.storyboard */ = {
			isa = PBXVariantGroup;
			children = (
				846BA2FC27846CE00076746A /* Base */,
			);
			name = LaunchScreen.storyboard;
			sourceTree = "<group>";
		};
/* End PBXVariantGroup section */

/* Begin XCBuildConfiguration section */
		846BA2FF27846CE00076746A /* Debug */ = {
			isa = XCBuildConfiguration;
			buildSettings = {
				ALWAYS_SEARCH_USER_PATHS = NO;
				CLANG_ANALYZER_NONNULL = YES;
				CLANG_ANALYZER_NUMBER_OBJECT_CONVERSION = YES_AGGRESSIVE;
				CLANG_CXX_LANGUAGE_STANDARD = "gnu++17";
				CLANG_CXX_LIBRARY = "libc++";
				CLANG_ENABLE_MODULES = YES;
				CLANG_ENABLE_OBJC_ARC = YES;
				CLANG_ENABLE_OBJC_WEAK = YES;
				CLANG_WARN_BLOCK_CAPTURE_AUTORELEASING = YES;
				CLANG_WARN_BOOL_CONVERSION = YES;
				CLANG_WARN_COMMA = YES;
				CLANG_WARN_CONSTANT_CONVERSION = YES;
				CLANG_WARN_DEPRECATED_OBJC_IMPLEMENTATIONS = YES;
				CLANG_WARN_DIRECT_OBJC_ISA_USAGE = YES_ERROR;
				CLANG_WARN_DOCUMENTATION_COMMENTS = YES;
				CLANG_WARN_EMPTY_BODY = YES;
				CLANG_WARN_ENUM_CONVERSION = YES;
				CLANG_WARN_INFINITE_RECURSION = YES;
				CLANG_WARN_INT_CONVERSION = YES;
				CLANG_WARN_NON_LITERAL_NULL_CONVERSION = YES;
				CLANG_WARN_OBJC_IMPLICIT_RETAIN_SELF = YES;
				CLANG_WARN_OBJC_LITERAL_CONVERSION = YES;
				CLANG_WARN_OBJC_ROOT_CLASS = YES_ERROR;
				CLANG_WARN_QUOTED_INCLUDE_IN_FRAMEWORK_HEADER = YES;
				CLANG_WARN_RANGE_LOOP_ANALYSIS = YES;
				CLANG_WARN_STRICT_PROTOTYPES = YES;
				CLANG_WARN_SUSPICIOUS_MOVE = YES;
				CLANG_WARN_UNGUARDED_AVAILABILITY = YES_AGGRESSIVE;
				CLANG_WARN_UNREACHABLE_CODE = YES;
				CLANG_WARN__DUPLICATE_METHOD_MATCH = YES;
				COPY_PHASE_STRIP = NO;
				DEBUG_INFORMATION_FORMAT = dwarf;
				ENABLE_STRICT_OBJC_MSGSEND = YES;
				ENABLE_TESTABILITY = YES;
				GCC_C_LANGUAGE_STANDARD = gnu11;
				GCC_DYNAMIC_NO_PIC = NO;
				GCC_NO_COMMON_BLOCKS = YES;
				GCC_OPTIMIZATION_LEVEL = 0;
				GCC_PREPROCESSOR_DEFINITIONS = (
					"DEBUG=1",
					"$(inherited)",
				);
				GCC_WARN_64_TO_32_BIT_CONVERSION = YES;
				GCC_WARN_ABOUT_RETURN_TYPE = YES_ERROR;
				GCC_WARN_UNDECLARED_SELECTOR = YES;
				GCC_WARN_UNINITIALIZED_AUTOS = YES_AGGRESSIVE;
				GCC_WARN_UNUSED_FUNCTION = YES;
				GCC_WARN_UNUSED_VARIABLE = YES;
				IPHONEOS_DEPLOYMENT_TARGET = 15.2;
				MTL_ENABLE_DEBUG_INFO = INCLUDE_SOURCE;
				MTL_FAST_MATH = YES;
				ONLY_ACTIVE_ARCH = YES;
				SDKROOT = iphoneos;
				SWIFT_ACTIVE_COMPILATION_CONDITIONS = DEBUG;
				SWIFT_OPTIMIZATION_LEVEL = "-Onone";
			};
			name = Debug;
		};
		846BA30027846CE00076746A /* Release */ = {
			isa = XCBuildConfiguration;
			buildSettings = {
				ALWAYS_SEARCH_USER_PATHS = NO;
				CLANG_ANALYZER_NONNULL = YES;
				CLANG_ANALYZER_NUMBER_OBJECT_CONVERSION = YES_AGGRESSIVE;
				CLANG_CXX_LANGUAGE_STANDARD = "gnu++17";
				CLANG_CXX_LIBRARY = "libc++";
				CLANG_ENABLE_MODULES = YES;
				CLANG_ENABLE_OBJC_ARC = YES;
				CLANG_ENABLE_OBJC_WEAK = YES;
				CLANG_WARN_BLOCK_CAPTURE_AUTORELEASING = YES;
				CLANG_WARN_BOOL_CONVERSION = YES;
				CLANG_WARN_COMMA = YES;
				CLANG_WARN_CONSTANT_CONVERSION = YES;
				CLANG_WARN_DEPRECATED_OBJC_IMPLEMENTATIONS = YES;
				CLANG_WARN_DIRECT_OBJC_ISA_USAGE = YES_ERROR;
				CLANG_WARN_DOCUMENTATION_COMMENTS = YES;
				CLANG_WARN_EMPTY_BODY = YES;
				CLANG_WARN_ENUM_CONVERSION = YES;
				CLANG_WARN_INFINITE_RECURSION = YES;
				CLANG_WARN_INT_CONVERSION = YES;
				CLANG_WARN_NON_LITERAL_NULL_CONVERSION = YES;
				CLANG_WARN_OBJC_IMPLICIT_RETAIN_SELF = YES;
				CLANG_WARN_OBJC_LITERAL_CONVERSION = YES;
				CLANG_WARN_OBJC_ROOT_CLASS = YES_ERROR;
				CLANG_WARN_QUOTED_INCLUDE_IN_FRAMEWORK_HEADER = YES;
				CLANG_WARN_RANGE_LOOP_ANALYSIS = YES;
				CLANG_WARN_STRICT_PROTOTYPES = YES;
				CLANG_WARN_SUSPICIOUS_MOVE = YES;
				CLANG_WARN_UNGUARDED_AVAILABILITY = YES_AGGRESSIVE;
				CLANG_WARN_UNREACHABLE_CODE = YES;
				CLANG_WARN__DUPLICATE_METHOD_MATCH = YES;
				COPY_PHASE_STRIP = NO;
				DEBUG_INFORMATION_FORMAT = "dwarf-with-dsym";
				ENABLE_NS_ASSERTIONS = NO;
				ENABLE_STRICT_OBJC_MSGSEND = YES;
				GCC_C_LANGUAGE_STANDARD = gnu11;
				GCC_NO_COMMON_BLOCKS = YES;
				GCC_WARN_64_TO_32_BIT_CONVERSION = YES;
				GCC_WARN_ABOUT_RETURN_TYPE = YES_ERROR;
				GCC_WARN_UNDECLARED_SELECTOR = YES;
				GCC_WARN_UNINITIALIZED_AUTOS = YES_AGGRESSIVE;
				GCC_WARN_UNUSED_FUNCTION = YES;
				GCC_WARN_UNUSED_VARIABLE = YES;
				IPHONEOS_DEPLOYMENT_TARGET = 15.2;
				MTL_ENABLE_DEBUG_INFO = NO;
				MTL_FAST_MATH = YES;
				SDKROOT = iphoneos;
				SWIFT_COMPILATION_MODE = wholemodule;
				SWIFT_OPTIMIZATION_LEVEL = "-O";
				VALIDATE_PRODUCT = YES;
			};
			name = Release;
		};
		846BA30227846CE00076746A /* Debug */ = {
			isa = XCBuildConfiguration;
			buildSettings = {
				ASSETCATALOG_COMPILER_APPICON_NAME = AppIcon;
				ASSETCATALOG_COMPILER_GLOBAL_ACCENT_COLOR_NAME = AccentColor;
				CODE_SIGN_STYLE = Automatic;
				CURRENT_PROJECT_VERSION = 1;
				GENERATE_INFOPLIST_FILE = YES;
				INFOPLIST_FILE = "Day2-Tab-bar/Info.plist";
				INFOPLIST_KEY_UIApplicationSupportsIndirectInputEvents = YES;
				INFOPLIST_KEY_UILaunchStoryboardName = LaunchScreen;
				INFOPLIST_KEY_UIMainStoryboardFile = Main;
				INFOPLIST_KEY_UISupportedInterfaceOrientations_iPad = "UIInterfaceOrientationPortrait UIInterfaceOrientationPortraitUpsideDown UIInterfaceOrientationLandscapeLeft UIInterfaceOrientationLandscapeRight";
				INFOPLIST_KEY_UISupportedInterfaceOrientations_iPhone = "UIInterfaceOrientationPortrait UIInterfaceOrientationLandscapeLeft UIInterfaceOrientationLandscapeRight";
				LD_RUNPATH_SEARCH_PATHS = (
					"$(inherited)",
					"@executable_path/Frameworks",
				);
				MARKETING_VERSION = 1.0;
				PRODUCT_BUNDLE_IDENTIFIER = "com.enigmacamp.learnIOS.Day2-Tab-bar";
				PRODUCT_NAME = "$(TARGET_NAME)";
				SWIFT_EMIT_LOC_STRINGS = YES;
				SWIFT_VERSION = 5.0;
				TARGETED_DEVICE_FAMILY = "1,2";
			};
			name = Debug;
		};
		846BA30327846CE00076746A /* Release */ = {
			isa = XCBuildConfiguration;
			buildSettings = {
				ASSETCATALOG_COMPILER_APPICON_NAME = AppIcon;
				ASSETCATALOG_COMPILER_GLOBAL_ACCENT_COLOR_NAME = AccentColor;
				CODE_SIGN_STYLE = Automatic;
				CURRENT_PROJECT_VERSION = 1;
				GENERATE_INFOPLIST_FILE = YES;
				INFOPLIST_FILE = "Day2-Tab-bar/Info.plist";
				INFOPLIST_KEY_UIApplicationSupportsIndirectInputEvents = YES;
				INFOPLIST_KEY_UILaunchStoryboardName = LaunchScreen;
				INFOPLIST_KEY_UIMainStoryboardFile = Main;
				INFOPLIST_KEY_UISupportedInterfaceOrientations_iPad = "UIInterfaceOrientationPortrait UIInterfaceOrientationPortraitUpsideDown UIInterfaceOrientationLandscapeLeft UIInterfaceOrientationLandscapeRight";
				INFOPLIST_KEY_UISupportedInterfaceOrientations_iPhone = "UIInterfaceOrientationPortrait UIInterfaceOrientationLandscapeLeft UIInterfaceOrientationLandscapeRight";
				LD_RUNPATH_SEARCH_PATHS = (
					"$(inherited)",
					"@executable_path/Frameworks",
				);
				MARKETING_VERSION = 1.0;
				PRODUCT_BUNDLE_IDENTIFIER = "com.enigmacamp.learnIOS.Day2-Tab-bar";
				PRODUCT_NAME = "$(TARGET_NAME)";
				SWIFT_EMIT_LOC_STRINGS = YES;
				SWIFT_VERSION = 5.0;
				TARGETED_DEVICE_FAMILY = "1,2";
			};
			name = Release;
		};
/* End XCBuildConfiguration section */

/* Begin XCConfigurationList section */
		846BA2E827846CD90076746A /* Build configuration list for PBXProject "Day2-Tab-bar" */ = {
			isa = XCConfigurationList;
			buildConfigurations = (
				846BA2FF27846CE00076746A /* Debug */,
				846BA30027846CE00076746A /* Release */,
			);
			defaultConfigurationIsVisible = 0;
			defaultConfigurationName = Release;
		};
		846BA30127846CE00076746A /* Build configuration list for PBXNativeTarget "Day2-Tab-bar" */ = {
			isa = XCConfigurationList;
			buildConfigurations = (
				846BA30227846CE00076746A /* Debug */,
				846BA30327846CE00076746A /* Release */,
			);
			defaultConfigurationIsVisible = 0;
			defaultConfigurationName = Release;
		};
/* End XCConfigurationList section */
	};
	rootObject = 846BA2E527846CD90076746A /* Project object */;
}
